{
  "version": 2,
  "dependencies": {
    "net10.0-windows7.0": {
      "ClosedXML": {
        "type": "Direct",
        "requested": "[0.105.1, )",
        "resolved": "0.105.1",
        "contentHash": "X1ruIP9h2FBEK7jmO0peq3s6/Zqt5ve5a9f9kn6WUjdsUWvGbQlqxuGLz822xuFLlmnSeAfWFTGeX/tZlmAt+g==",
        "dependencies": {
          "ClosedXML.Parser": "2.0.0",
          "DocumentFormat.OpenXml": "[3.1.1, 4.0.0)",
          "ExcelNumberFormat": "1.1.0",
          "RBush.Signed": "4.0.0",
          "SixLabors.Fonts": "[1.0.0, 3.0.0)"
        }
      },
      "Google.Apis.Auth": {
        "type": "Direct",
        "requested": "[1.76.0, )",
        "resolved": "1.76.0",
        "contentHash": "WzRCykQ0OApOEFdUYYBJ6riIxs+xk635s0KsGb83zJcABa66DCgaAXiWZuZjSqnwA3hjm7u8mmzR4EUHpJ1UfQ==",
        "dependencies": {
          "Google.Apis": "1.76.0",
          "Google.Apis.Core": "1.76.0",
          "System.Management": "7.0.2"
        }
      },
      "Google.Apis.Gmail.v1": {
        "type": "Direct",
        "requested": "[1.75.0.4225, )",
        "resolved": "1.75.0.4225",
        "contentHash": "aCJpQnalUcOVUBcG0UCteoPd4X+Ex4n9mGyY6zC0eVVIbfBPAePzCjLBjrxYyOVfdB5QV3ymtvorhfcf3SOsOQ==",
        "dependencies": {
          "Google.Apis": "1.75.0",
          "Google.Apis.Auth": "1.75.0"
        }
      },
      "Microsoft.CodeAnalysis.NetAnalyzers": {
        "type": "Direct",
        "requested": "[10.0.401, )",
        "resolved": "10.0.401",
        "contentHash": "qGPLk4hknvVp6j9Lowa0qykw1cK7CyEyyy2aVs4dkOGroOMHJLRsMpUT53IKvYT6q78jxv96FZhzy3BrKCPgmA=="
      },
      "Newtonsoft.Json": {
        "type": "Direct",
        "requested": "[13.0.4, )",
        "resolved": "13.0.4",
        "contentHash": "pdgNNMai3zv51W5aq268sujXUyx7SNdE2bj1wZcWjAQrKMFZV260lbqYop1d2GM67JI1huLRwxo9ZqnfF/lC6A=="
      },
      "QuestPDF": {
        "type": "Direct",
        "requested": "[2026.9.0, )",
        "resolved": "2026.9.0",
        "contentHash": "qJuBVHeJMECFI4xiUQ1+kWaHm8NoVeyNepByezQOjlWGZnDzL4eZjrtHyu6G2ccVVOLOu+z1nX1N3i3zkzuArA=="
      },
      "System.Security.Cryptography.ProtectedData": {
        "type": "Direct",
        "requested": "[10.0.12, )",
        "resolved": "10.0.12",
        "contentHash": "wO0W8VDMeRJZakRySOmemAnrBZMwEFRlbfBtATxUiLf2I3IhSRnCp1Vt157NWptdE4IJ7eftd5n8q9LtaKHFTQ=="
      },
      "ClosedXML.Parser": {
        "type": "Transitive",
        "resolved": "2.0.0",
        "contentHash": "ngTqjYreDYNytG1W5d3ewHsw0ukmmrgV7EKnS4/40rXoYZGt07jrBvo+N+GxT49rcageUMUiprV0jYT4nwVBHQ=="
      },
      "DocumentFormat.OpenXml": {
        "type": "Transitive",
        "resolved": "3.1.1",
        "contentHash": "2z9QBzeTLNNKWM9SaOSDMegfQk/7hDuElOsmF77pKZMkFRP/GHA/W/4yOAQD9kn15N/FsFxHn3QVYkatuZghiA==",
        "dependencies": {
          "DocumentFormat.OpenXml.Framework": "3.1.1"
        }
      },
      "DocumentFormat.OpenXml.Framework": {
        "type": "Transitive",
        "resolved": "3.1.1",
        "contentHash": "6APEp/ElZV58S/4v8mf4Ke3ONEDORs64MqdD64Z7wWpcHANB9oovQsGIwtqjnKihulOj7T0a6IxHIHOfMqKOng==",
        "dependencies": {
          "System.IO.Packaging": "8.0.1"
        }
      },
      "ExcelNumberFormat": {
        "type": "Transitive",
        "resolved": "1.1.0",
        "contentHash": "R3BVHPs9O+RkExbZYTGT0+9HLbi8ZrNij1Yziyw6znd3J7P3uoIR07uwTLGOogtz1p6+0sna66eBoXu7tBiVQA=="
      },
      "Google.Apis": {
        "type": "Transitive",
        "resolved": "1.76.0",
        "contentHash": "sIhJW2vT1cXE/yUFp1q1Mv7EUgbGu2uMIcqqv+BgElRdGQApxiYpZ/jG6hFkQB8/AG9kGurJOzLOM9PZ++GEtA==",
        "dependencies": {
          "Google.Apis.Core": "1.76.0"
        }
      },
      "Google.Apis.Core": {
        "type": "Transitive",
        "resolved": "1.76.0",
        "contentHash": "P2nFbC0SsnUe8sGjhpCLs6CHIWFzURgUS2M9l9aUV1vJjVXpesRbegEYZS/dLKehcgx8twDP7xA5OMGygMD55g==",
        "dependencies": {
          "Newtonsoft.Json": "13.0.4"
        }
      },
      "RBush.Signed": {
        "type": "Transitive",
        "resolved": "4.0.0",
        "contentHash": "aP5KQxL5RnFNGW1f0euYVBfCatkLw5iEzMRJcXKq8LWWP4Cp3+qoSq1tDDL2vvJ2rM0ychmVMa2VaEKLS6uX4w=="
      },
      "SixLabors.Fonts": {
        "type": "Transitive",
        "resolved": "1.0.0",
        "contentHash": "LFQsCZlV0xlUyXAOMUo5kkSl+8zAQXXbbdwWchtk0B4o7zotZhQsQOcJUELGHdfPfm/xDAsz6hONAuV25bJaAg=="
      },
      "System.CodeDom": {
        "type": "Transitive",
        "resolved": "7.0.0",
        "contentHash": "GLltyqEsE5/3IE+zYRP5sNa1l44qKl9v+bfdMcwg+M9qnQf47wK3H0SUR/T+3N4JEQXF3vV4CSuuo0rsg+nq2A=="
      },
      "System.IO.Packaging": {
        "type": "Transitive",
        "resolved": "8.0.1",
        "contentHash": "KYkIOAvPexQOLDxPO2g0BVoWInnQhPpkFzRqvNrNrMhVT6kqhVr0zEb6KCHlptLFukxnZrjuMVAnxK7pOGUYrw=="
      },
      "System.Management": {
        "type": "Transitive",
        "resolved": "7.0.2",
        "contentHash": "/qEUN91mP/MUQmJnM5y5BdT7ZoPuVrtxnFlbJ8a3kBJGhe2wCzBfnPFtK2wTtEEcf3DMGR9J00GZZfg6HRI6yA==",
        "dependencies": {
          "System.CodeDom": "7.0.0"
        }
      },
      "flarequotes.core": {
        "type": "Project",
        "dependencies": {
          "System.Security.Cryptography.ProtectedData": "[10.0.12, )"
        }
      }
    },
    "net10.0-windows7.0/win-x64": {
      "QuestPDF": {
        "type": "Direct",
        "requested": "[2026.9.0, )",
        "resolved": "2026.9.0",
        "contentHash": "qJuBVHeJMECFI4xiUQ1+kWaHm8NoVeyNepByezQOjlWGZnDzL4eZjrtHyu6G2ccVVOLOu+z1nX1N3i3zkzuArA=="
      },
      "System.Management": {
        "type": "Transitive",
        "resolved": "7.0.2",
        "contentHash": "/qEUN91mP/MUQmJnM5y5BdT7ZoPuVrtxnFlbJ8a3kBJGhe2wCzBfnPFtK2wTtEEcf3DMGR9J00GZZfg6HRI6yA==",
        "dependencies": {
          "System.CodeDom": "7.0.0"
        }
      }
    }
  }
}